
Microsoft Visual Studio Solution File, Format Version 12.00
# Visual Studio Version 16
VisualStudioVersion = 25.0.1704.3
MinimumVisualStudioVersion = 10.0.40219.1
Project("{FAE04EC0-301F-11D3-BF4B-00C04F79EFBC}") = "csharp-playground", "csharp-playground\csharp-playground.csproj", "{74190C61-E497-408B-B150-54310135563E}"
EndProject
Project("{FAE04EC0-301F-11D3-BF4B-00C04F79EFBC}") = "api-demo", "api-demo\api-demo.csproj", "{80157542-F6D5-4BCA-80D4-54B49443BE34}"
EndProject
Project("{FAE04EC0-301F-11D3-BF4B-00C04F79EFBC}") = "dsa-lab", "dsa-lab\dsa-lab.csproj", "{50D11BCE-A01C-48C8-AF26-5F935393B8AE}"
EndProject
Global
	GlobalSection(SolutionConfigurationPlatforms) = preSolution
		Debug|Any CPU = Debug|Any CPU
		Release|Any CPU = Release|Any CPU
	EndGlobalSection
	GlobalSection(ProjectConfigurationPlatforms) = postSolution
		{74190C61-E497-408B-B150-54310135563E}.Debug|Any CPU.ActiveCfg = Debug|Any CPU
		{74190C61-E497-408B-B150-54310135563E}.Debug|Any CPU.Build.0 = Debug|Any CPU
		{74190C61-E497-408B-B150-54310135563E}.Release|Any CPU.ActiveCfg = Release|Any CPU
		{74190C61-E497-408B-B150-54310135563E}.Release|Any CPU.Build.0 = Release|Any CPU
		{80157542-F6D5-4BCA-80D4-54B49443BE34}.Debug|Any CPU.ActiveCfg = Debug|Any CPU
		{80157542-F6D5-4BCA-80D4-54B49443BE34}.Debug|Any CPU.Build.0 = Debug|Any CPU
		{80157542-F6D5-4BCA-80D4-54B49443BE34}.Release|Any CPU.ActiveCfg = Release|Any CPU
		{80157542-F6D5-4BCA-80D4-54B49443BE34}.Release|Any CPU.Build.0 = Release|Any CPU
		{50D11BCE-A01C-48C8-AF26-5F935393B8AE}.Debug|Any CPU.ActiveCfg = Debug|Any CPU
		{50D11BCE-A01C-48C8-AF26-5F935393B8AE}.Debug|Any CPU.Build.0 = Debug|Any CPU
		{50D11BCE-A01C-48C8-AF26-5F935393B8AE}.Release|Any CPU.ActiveCfg = Release|Any CPU
		{50D11BCE-A01C-48C8-AF26-5F935393B8AE}.Release|Any CPU.Build.0 = Release|Any CPU
	EndGlobalSection
	GlobalSection(SolutionProperties) = preSolution
		HideSolutionNode = FALSE
	EndGlobalSection
	GlobalSection(ExtensibilityGlobals) = postSolution
		SolutionGuid = {9A5B81E6-9E92-4FBF-8745-66C6D7A1E1A9}
	EndGlobalSection
EndGlobal
