
Microsoft Visual Studio Solution File, Format Version 12.00
# Visual Studio Version 16
VisualStudioVersion = 25.0.1704.3
MinimumVisualStudioVersion = 10.0.40219.1
Project("{FAE04EC0-301F-11D3-BF4B-00C04F79EFBC}") = "csharp-playground", "csharp-playground\csharp-playground.csproj", "{74190C61-E497-408B-B150-54310135563E}"
EndProject
Project("{FAE04EC0-301F-11D3-BF4B-00C04F79EFBC}") = "api-demo", "api-demo\api-demo.csproj", "{80157542-F6D5-4BCA-80D4-54B49443BE34}"
EndProject
Project("{FAE04EC0-301F-11D3-BF4B-00C04F79EFBC}") = "dsa-lab", "dsa-lab\dsa-lab.csproj", "{50D11BCE-A01C-48C8-AF26-5F935393B8AE}"
EndProject
Project("{FAE04EC0-301F-11D3-BF4B-00C04F79EFBC}") = "dependency-injection", "dependency-injection\dependency-injection.csproj", "{A110ABE5-C291-455B-99E5-3A979F5E939F}"
EndProject
Project("{FAE04EC0-301F-11D3-BF4B-00C04F79EFBC}") = "string-converter-exercise", "string-converter-exercise\string-converter-exercise.csproj", "{F07E7C4F-13EF-4143-9463-49FB0894AC93}"
EndProject
Project("{FAE04EC0-301F-11D3-BF4B-00C04F79EFBC}") = "string-converter-exercise-tests", "string-converter-exercise-tests\string-converter-exercise-tests.csproj", "{E3689695-1E8D-481E-AAAE-47D64B12B222}"
EndProject
Project("{FAE04EC0-301F-11D3-BF4B-00C04F79EFBC}") = "AvidAlgorithms", "AvidAlgorithms\AvidAlgorithms.csproj", "{AF39A2D0-2DC2-49BC-8781-58A20F09C06D}"
EndProject
Global
	GlobalSection(SolutionConfigurationPlatforms) = preSolution
		Debug|Any CPU = Debug|Any CPU
		Release|Any CPU = Release|Any CPU
	EndGlobalSection
	GlobalSection(ProjectConfigurationPlatforms) = postSolution
		{74190C61-E497-408B-B150-54310135563E}.Debug|Any CPU.ActiveCfg = Debug|Any CPU
		{74190C61-E497-408B-B150-54310135563E}.Debug|Any CPU.Build.0 = Debug|Any CPU
		{74190C61-E497-408B-B150-54310135563E}.Release|Any CPU.ActiveCfg = Release|Any CPU
		{74190C61-E497-408B-B150-54310135563E}.Release|Any CPU.Build.0 = Release|Any CPU
		{80157542-F6D5-4BCA-80D4-54B49443BE34}.Debug|Any CPU.ActiveCfg = Debug|Any CPU
		{80157542-F6D5-4BCA-80D4-54B49443BE34}.Debug|Any CPU.Build.0 = Debug|Any CPU
		{80157542-F6D5-4BCA-80D4-54B49443BE34}.Release|Any CPU.ActiveCfg = Release|Any CPU
		{80157542-F6D5-4BCA-80D4-54B49443BE34}.Release|Any CPU.Build.0 = Release|Any CPU
		{50D11BCE-A01C-48C8-AF26-5F935393B8AE}.Debug|Any CPU.ActiveCfg = Debug|Any CPU
		{50D11BCE-A01C-48C8-AF26-5F935393B8AE}.Debug|Any CPU.Build.0 = Debug|Any CPU
		{50D11BCE-A01C-48C8-AF26-5F935393B8AE}.Release|Any CPU.ActiveCfg = Release|Any CPU
		{50D11BCE-A01C-48C8-AF26-5F935393B8AE}.Release|Any CPU.Build.0 = Release|Any CPU
		{A110ABE5-C291-455B-99E5-3A979F5E939F}.Debug|Any CPU.ActiveCfg = Debug|Any CPU
		{A110ABE5-C291-455B-99E5-3A979F5E939F}.Debug|Any CPU.Build.0 = Debug|Any CPU
		{A110ABE5-C291-455B-99E5-3A979F5E939F}.Release|Any CPU.ActiveCfg = Release|Any CPU
		{A110ABE5-C291-455B-99E5-3A979F5E939F}.Release|Any CPU.Build.0 = Release|Any CPU
		{F07E7C4F-13EF-4143-9463-49FB0894AC93}.Debug|Any CPU.ActiveCfg = Debug|Any CPU
		{F07E7C4F-13EF-4143-9463-49FB0894AC93}.Debug|Any CPU.Build.0 = Debug|Any CPU
		{F07E7C4F-13EF-4143-9463-49FB0894AC93}.Release|Any CPU.ActiveCfg = Release|Any CPU
		{F07E7C4F-13EF-4143-9463-49FB0894AC93}.Release|Any CPU.Build.0 = Release|Any CPU
		{E3689695-1E8D-481E-AAAE-47D64B12B222}.Debug|Any CPU.ActiveCfg = Debug|Any CPU
		{E3689695-1E8D-481E-AAAE-47D64B12B222}.Debug|Any CPU.Build.0 = Debug|Any CPU
		{E3689695-1E8D-481E-AAAE-47D64B12B222}.Release|Any CPU.ActiveCfg = Release|Any CPU
		{E3689695-1E8D-481E-AAAE-47D64B12B222}.Release|Any CPU.Build.0 = Release|Any CPU
		{AF39A2D0-2DC2-49BC-8781-58A20F09C06D}.Debug|Any CPU.ActiveCfg = Debug|Any CPU
		{AF39A2D0-2DC2-49BC-8781-58A20F09C06D}.Debug|Any CPU.Build.0 = Debug|Any CPU
		{AF39A2D0-2DC2-49BC-8781-58A20F09C06D}.Release|Any CPU.ActiveCfg = Release|Any CPU
		{AF39A2D0-2DC2-49BC-8781-58A20F09C06D}.Release|Any CPU.Build.0 = Release|Any CPU
	EndGlobalSection
	GlobalSection(SolutionProperties) = preSolution
		HideSolutionNode = FALSE
	EndGlobalSection
	GlobalSection(ExtensibilityGlobals) = postSolution
		SolutionGuid = {9A5B81E6-9E92-4FBF-8745-66C6D7A1E1A9}
	EndGlobalSection
EndGlobal
